Microsoft Visual Studio Solution File, Format Version 12.00
# Visual Studio Version 17
VisualStudioVersion = 17.5.2.0
MinimumVisualStudioVersion = 10.0.40219.1
Project("{FAE04EC0-301F-11D3-BF4B-00C04F79EFBC}") = "Backend-SIGMA", "Backend-SIGMA.csproj", "{2AE3C395-A44A-0AFE-4B3A-8CB88B032B96}"
EndProject
Global
	GlobalSection(SolutionConfigurationPlatforms) = preSolution
		Debug|Any CPU = Debug|Any CPU
		Release|Any CPU = Release|Any CPU
	EndGlobalSection
	GlobalSection(ProjectConfigurationPlatforms) = postSolution
		{2AE3C395-A44A-0AFE-4B3A-8CB88B032B96}.Debug|Any CPU.ActiveCfg = Debug|Any CPU
		{2AE3C395-A44A-0AFE-4B3A-8CB88B032B96}.Debug|Any CPU.Build.0 = Debug|Any CPU
		{2AE3C395-A44A-0AFE-4B3A-8CB88B032B96}.Release|Any CPU.ActiveCfg = Release|Any CPU
		{2AE3C395-A44A-0AFE-4B3A-8CB88B032B96}.Release|Any CPU.Build.0 = Release|Any CPU
	EndGlobalSection
	GlobalSection(SolutionProperties) = preSolution
		HideSolutionNode = FALSE
	EndGlobalSection
	GlobalSection(ExtensibilityGlobals) = postSolution
		SolutionGuid = {73360A38-94B6-446D-A222-8B217B372AAE}
	EndGlobalSection
EndGlobal
